
Microsoft Visual Studio Solution File, Format Version 12.00
# Visual Studio Version 16
VisualStudioVersion = 16.0.30523.141
MinimumVisualStudioVersion = 10.0.40219.1
Project("{FAE04EC0-301F-11D3-BF4B-00C04F79EFBC}") = "Evaluare expresie", "Evaluare expresie.csproj", "{C5CA53D7-A93E-4234-B156-29174C5F2BD6}"
EndProject
Global
	GlobalSection(SolutionConfigurationPlatforms) = preSolution
		Debug|Any CPU = Debug|Any CPU
		Release|Any CPU = Release|Any CPU
	EndGlobalSection
	GlobalSection(ProjectConfigurationPlatforms) = postSolution
		{C5CA53D7-A93E-4234-B156-29174C5F2BD6}.Debug|Any CPU.ActiveCfg = Debug|Any CPU
		{C5CA53D7-A93E-4234-B156-29174C5F2BD6}.Debug|Any CPU.Build.0 = Debug|Any CPU
		{C5CA53D7-A93E-4234-B156-29174C5F2BD6}.Release|Any CPU.ActiveCfg = Release|Any CPU
		{C5CA53D7-A93E-4234-B156-29174C5F2BD6}.Release|Any CPU.Build.0 = Release|Any CPU
	EndGlobalSection
	GlobalSection(SolutionProperties) = preSolution
		HideSolutionNode = FALSE
	EndGlobalSection
	GlobalSection(ExtensibilityGlobals) = postSolution
		SolutionGuid = {AB9C3880-1585-4A9D-B987-554B71FFC9E2}
	EndGlobalSection
EndGlobal
